PODS:
  - AWSCognito (2.3.4):
    - AWSCore (= 2.3.4)
  - AWSCore (2.3.4)
  - AWSS3 (2.3.4):
    - AWSCore (= 2.3.4)

DEPENDENCIES:
  - AWSCognito
  - AWSCore
  - AWSS3

SPEC CHECKSUMS:
  AWSCognito: 8ea24f9261967a108131106585c832ab48f12540
  AWSCore: 926eb781459b58d4319b0fa4f5f3bffb6b28b112
  AWSS3: f49fde807d6cfc373f1bdb8150c9770d470ca2fd

COCOAPODS: 0.39.0
